// !$*UTF8*$!
{
	archiveVersion = 1;
	classes = {
	};
	objectVersion = 51;
	objects = {

/* Begin PBXBuildFile section */
		0203FD0B2527BE6B00B19A16 /* MovieDetailsViewController.swift in Sources */ = {isa = PBXBuildFile; fileRef = 0203FD0A2527BE6B00B19A16 /* MovieDetailsViewController.swift */; };
		0203FD0D2527C41C00B19A16 /* Main.storyboard in Resources */ = {isa = PBXBuildFile; fileRef = 0203FD0C2527C41C00B19A16 /* Main.storyboard */; };
		0203FD0F2527C4F700B19A16 /* MovieGridViewController.swift in Sources */ = {isa = PBXBuildFile; fileRef = 0203FD0E2527C4F700B19A16 /* MovieGridViewController.swift */; };
		0203FD112527C79B00B19A16 /* MovieGridCell.swift in Sources */ = {isa = PBXBuildFile; fileRef = 0203FD102527C79B00B19A16 /* MovieGridCell.swift */; };
		021872202519892500F6E28B /* AppDelegate.swift in Sources */ = {isa = PBXBuildFile; fileRef = 0218721F2519892500F6E28B /* AppDelegate.swift */; };
		021872222519892500F6E28B /* SceneDelegate.swift in Sources */ = {isa = PBXBuildFile; fileRef = 021872212519892500F6E28B /* SceneDelegate.swift */; };
		021872292519892800F6E28B /* Assets.xcassets in Resources */ = {isa = PBXBuildFile; fileRef = 021872282519892800F6E28B /* Assets.xcassets */; };
		0218722C2519892800F6E28B /* LaunchScreen.storyboard in Resources */ = {isa = PBXBuildFile; fileRef = 0218722A2519892800F6E28B /* LaunchScreen.storyboard */; };
		0218723425198C0B00F6E28B /* MoviesViewController.swift in Sources */ = {isa = PBXBuildFile; fileRef = 0218723325198C0B00F6E28B /* MoviesViewController.swift */; };
		02187236251991BB00F6E28B /* MovieCell.swift in Sources */ = {isa = PBXBuildFile; fileRef = 02187235251991BB00F6E28B /* MovieCell.swift */; };
		CCCD8484932362A530BF7EE2 /* Pods_flix.framework in Frameworks */ = {isa = PBXBuildFile; fileRef = 4ACF7FBFE1CF6858F0E4BEA5 /* Pods_flix.framework */; };
/* End PBXBuildFile section */

/* Begin PBXFileReference section */
		0203FD0A2527BE6B00B19A16 /* MovieDetailsViewController.swift */ = {isa = PBXFileReference; lastKnownFileType = sourcecode.swift; path = MovieDetailsViewController.swift; sourceTree = "<group>"; };
		0203FD0C2527C41C00B19A16 /* Main.storyboard */ = {isa = PBXFileReference; fileEncoding = 4; lastKnownFileType = file.storyboard; name = Main.storyboard; path = ../../../../.Trash/Main.storyboard; sourceTree = "<group>"; };
		0203FD0E2527C4F700B19A16 /* MovieGridViewController.swift */ = {isa = PBXFileReference; lastKnownFileType = sourcecode.swift; path = MovieGridViewController.swift; sourceTree = "<group>"; };
		0203FD102527C79B00B19A16 /* MovieGridCell.swift */ = {isa = PBXFileReference; lastKnownFileType = sourcecode.swift; path = MovieGridCell.swift; sourceTree = "<group>"; };
		0218721C2519892500F6E28B /* flix.app */ = {isa = PBXFileReference; explicitFileType = wrapper.application; includeInIndex = 0; path = flix.app; sourceTree = BUILT_PRODUCTS_DIR; };
		0218721F2519892500F6E28B /* AppDelegate.swift */ = {isa = PBXFileReference; lastKnownFileType = sourcecode.swift; path = AppDelegate.swift; sourceTree = "<group>"; };
		021872212519892500F6E28B /* SceneDelegate.swift */ = {isa = PBXFileReference; lastKnownFileType = sourcecode.swift; path = SceneDelegate.swift; sourceTree = "<group>"; };
		021872282519892800F6E28B /* Assets.xcassets */ = {isa = PBXFileReference; lastKnownFileType = folder.assetcatalog; path = Assets.xcassets; sourceTree = "<group>"; };
		0218722B2519892800F6E28B /* Base */ = {isa = PBXFileReference; lastKnownFileType = file.storyboard; name = Base; path = Base.lproj/LaunchScreen.storyboard; sourceTree = "<group>"; };
		0218722D2519892800F6E28B /* Info.plist */ = {isa = PBXFileReference; lastKnownFileType = text.plist.xml; path = Info.plist; sourceTree = "<group>"; };
		0218723325198C0B00F6E28B /* MoviesViewController.swift */ = {isa = PBXFileReference; lastKnownFileType = sourcecode.swift; path = MoviesViewController.swift; sourceTree = "<group>"; };
		02187235251991BB00F6E28B /* MovieCell.swift */ = {isa = PBXFileReference; lastKnownFileType = sourcecode.swift; path = MovieCell.swift; sourceTree = "<group>"; };
		4ACF7FBFE1CF6858F0E4BEA5 /* Pods_flix.framework */ = {isa = PBXFileReference; explicitFileType = wrapper.framework; includeInIndex = 0; path = Pods_flix.framework; sourceTree = BUILT_PRODUCTS_DIR; };
		80877C7990929639641289B7 /* Pods-flix.release.xcconfig */ = {isa = PBXFileReference; includeInIndex = 1; lastKnownFileType = text.xcconfig; name = "Pods-flix.release.xcconfig"; path = "Target Support Files/Pods-flix/Pods-flix.release.xcconfig"; sourceTree = "<group>"; };
		CA41FE46EF00DA6B9B050B37 /* Pods-flix.debug.xcconfig */ = {isa = PBXFileReference; includeInIndex = 1; lastKnownFileType = text.xcconfig; name = "Pods-flix.debug.xcconfig"; path = "Target Support Files/Pods-flix/Pods-flix.debug.xcconfig"; sourceTree = "<group>"; };
/* End PBXFileReference section */

/* Begin PBXFrameworksBuildPhase section */
		021872192519892500F6E28B /* Frameworks */ = {
			isa = PBXFrameworksBuildPhase;
			buildActionMask = 2147483647;
			files = (
				CCCD8484932362A530BF7EE2 /* Pods_flix.framework in Frameworks */,
			);
			runOnlyForDeploymentPostprocessing = 0;
		};
/* End PBXFrameworksBuildPhase section */

/* Begin PBXGroup section */
		021872132519892500F6E28B = {
			isa = PBXGroup;
			children = (
				0218721E2519892500F6E28B /* flix */,
				0218721D2519892500F6E28B /* Products */,
				ABFC6F1CEBAB2AED7C271948 /* Pods */,
				325E196510002003E8047DA2 /* Frameworks */,
			);
			sourceTree = "<group>";
		};
		0218721D2519892500F6E28B /* Products */ = {
			isa = PBXGroup;
			children = (
				0218721C2519892500F6E28B /* flix.app */,
			);
			name = Products;
			sourceTree = "<group>";
		};
		0218721E2519892500F6E28B /* flix */ = {
			isa = PBXGroup;
			children = (
				0218721F2519892500F6E28B /* AppDelegate.swift */,
				021872212519892500F6E28B /* SceneDelegate.swift */,
				021872282519892800F6E28B /* Assets.xcassets */,
				0218722A2519892800F6E28B /* LaunchScreen.storyboard */,
				0218722D2519892800F6E28B /* Info.plist */,
				0203FD0C2527C41C00B19A16 /* Main.storyboard */,
				0218723325198C0B00F6E28B /* MoviesViewController.swift */,
				02187235251991BB00F6E28B /* MovieCell.swift */,
				0203FD0A2527BE6B00B19A16 /* MovieDetailsViewController.swift */,
				0203FD0E2527C4F700B19A16 /* MovieGridViewController.swift */,
				0203FD102527C79B00B19A16 /* MovieGridCell.swift */,
			);
			path = flix;
			sourceTree = "<group>";
		};
		325E196510002003E8047DA2 /* Frameworks */ = {
			isa = PBXGroup;
			children = (
				4ACF7FBFE1CF6858F0E4BEA5 /* Pods_flix.framework */,
			);
			name = Frameworks;
			sourceTree = "<group>";
		};
		ABFC6F1CEBAB2AED7C271948 /* Pods */ = {
			isa = PBXGroup;
			children = (
				CA41FE46EF00DA6B9B050B37 /* Pods-flix.debug.xcconfig */,
				80877C7990929639641289B7 /* Pods-flix.release.xcconfig */,
			);
			path = Pods;
			sourceTree = "<group>";
		};
/* End PBXGroup section */

/* Begin PBXNativeTarget section */
		0218721B2519892500F6E28B /* flix */ = {
			isa = PBXNativeTarget;
			buildConfigurationList = 021872302519892800F6E28B /* Build configuration list for PBXNativeTarget "flix" */;
			buildPhases = (
				23B7DE8AB8CAA2E1022C618F /* [CP] Check Pods Manifest.lock */,
				021872182519892500F6E28B /* Sources */,
				021872192519892500F6E28B /* Frameworks */,
				0218721A2519892500F6E28B /* Resources */,
				F56E0EEE7077D40EE47C3AD8 /* [CP] Embed Pods Frameworks */,
			);
			buildRules = (
			);
			dependencies = (
			);
			name = flix;
			productName = flix;
			productReference = 0218721C2519892500F6E28B /* flix.app */;
			productType = "com.apple.product-type.application";
		};
/* End PBXNativeTarget section */

/* Begin PBXProject section */
		021872142519892500F6E28B /* Project object */ = {
			isa = PBXProject;
			attributes = {
				LastSwiftUpdateCheck = 1160;
				LastUpgradeCheck = 1160;
				ORGANIZATIONNAME = "Su Min Kim";
				TargetAttributes = {
					0218721B2519892500F6E28B = {
						CreatedOnToolsVersion = 11.6;
					};
				};
			};
			buildConfigurationList = 021872172519892500F6E28B /* Build configuration list for PBXProject "flix" */;
			compatibilityVersion = "Xcode 9.3";
			developmentRegion = en;
			hasScannedForEncodings = 0;
			knownRegions = (
				en,
				Base,
			);
			mainGroup = 021872132519892500F6E28B;
			productRefGroup = 0218721D2519892500F6E28B /* Products */;
			projectDirPath = "";
			projectRoot = "";
			targets = (
				0218721B2519892500F6E28B /* flix */,
			);
		};
/* End PBXProject section */

/* Begin PBXResourcesBuildPhase section */
		0218721A2519892500F6E28B /* Resources */ = {
			isa = PBXResourcesBuildPhase;
			buildActionMask = 2147483647;
			files = (
				0203FD0D2527C41C00B19A16 /* Main.storyboard in Resources */,
				0218722C2519892800F6E28B /* LaunchScreen.storyboard in Resources */,
				021872292519892800F6E28B /* Assets.xcassets in Resources */,
			);
			runOnlyForDeploymentPostprocessing = 0;
		};
/* End PBXResourcesBuildPhase section */

/* Begin PBXShellScriptBuildPhase section */
		23B7DE8AB8CAA2E1022C618F /* [CP] Check Pods Manifest.lock */ = {
			isa = PBXShellScriptBuildPhase;
			buildActionMask = 2147483647;
			files = (
			);
			inputFileListPaths = (
			);
			inputPaths = (
				"${PODS_PODFILE_DIR_PATH}/Podfile.lock",
				"${PODS_ROOT}/Manifest.lock",
			);
			name = "[CP] Check Pods Manifest.lock";
			outputFileListPaths = (
			);
			outputPaths = (
				"$(DERIVED_FILE_DIR)/Pods-flix-checkManifestLockResult.txt",
			);
			runOnlyForDeploymentPostprocessing = 0;
			shellPath = /bin/sh;
			shellScript = "diff \"${PODS_PODFILE_DIR_PATH}/Podfile.lock\" \"${PODS_ROOT}/Manifest.lock\" > /dev/null\nif [ $? != 0 ] ; then\n    # print error to STDERR\n    echo \"error: The sandbox is not in sync with the Podfile.lock. Run 'pod install' or update your CocoaPods installation.\" >&2\n    exit 1\nfi\n# This output is used by Xcode 'outputs' to avoid re-running this script phase.\necho \"SUCCESS\" > \"${SCRIPT_OUTPUT_FILE_0}\"\n";
			showEnvVarsInLog = 0;
		};
		F56E0EEE7077D40EE47C3AD8 /* [CP] Embed Pods Frameworks */ = {
			isa = PBXShellScriptBuildPhase;
			buildActionMask = 2147483647;
			files = (
			);
			inputFileListPaths = (
				"${PODS_ROOT}/Target Support Files/Pods-flix/Pods-flix-frameworks-${CONFIGURATION}-input-files.xcfilelist",
			);
			name = "[CP] Embed Pods Frameworks";
			outputFileListPaths = (
				"${PODS_ROOT}/Target Support Files/Pods-flix/Pods-flix-frameworks-${CONFIGURATION}-output-files.xcfilelist",
			);
			runOnlyForDeploymentPostprocessing = 0;
			shellPath = /bin/sh;
			shellScript = "\"${PODS_ROOT}/Target Support Files/Pods-flix/Pods-flix-frameworks.sh\"\n";
			showEnvVarsInLog = 0;
		};
/* End PBXShellScriptBuildPhase section */

/* Begin PBXSourcesBuildPhase section */
		021872182519892500F6E28B /* Sources */ = {
			isa = PBXSourcesBuildPhase;
			buildActionMask = 2147483647;
			files = (
				0203FD0B2527BE6B00B19A16 /* MovieDetailsViewController.swift in Sources */,
				021872202519892500F6E28B /* AppDelegate.swift in Sources */,
				021872222519892500F6E28B /* SceneDelegate.swift in Sources */,
				02187236251991BB00F6E28B /* MovieCell.swift in Sources */,
				0218723425198C0B00F6E28B /* MoviesViewController.swift in Sources */,
				0203FD0F2527C4F700B19A16 /* MovieGridViewController.swift in Sources */,
				0203FD112527C79B00B19A16 /* MovieGridCell.swift in Sources */,
			);
			runOnlyForDeploymentPostprocessing = 0;
		};
/* End PBXSourcesBuildPhase section */

/* Begin PBXVariantGroup section */
		0218722A2519892800F6E28B /* LaunchScreen.storyboard */ = {
			isa = PBXVariantGroup;
			children = (
				0218722B2519892800F6E28B /* Base */,
			);
			name = LaunchScreen.storyboard;
			sourceTree = "<group>";
		};
/* End PBXVariantGroup section */

/* Begin XCBuildConfiguration section */
		0218722E2519892800F6E28B /* Debug */ = {
			isa = XCBuildConfiguration;
			buildSettings = {
				ALWAYS_SEARCH_USER_PATHS = NO;
				CLANG_ANALYZER_NONNULL = YES;
				CLANG_ANALYZER_NUMBER_OBJECT_CONVERSION = YES_AGGRESSIVE;
				CLANG_CXX_LANGUAGE_STANDARD = "gnu++14";
				CLANG_CXX_LIBRARY = "libc++";
				CLANG_ENABLE_MODULES = YES;
				CLANG_ENABLE_OBJC_ARC = YES;
				CLANG_ENABLE_OBJC_WEAK = YES;
				CLANG_WARN_BLOCK_CAPTURE_AUTORELEASING = YES;
				CLANG_WARN_BOOL_CONVERSION = YES;
				CLANG_WARN_COMMA = YES;
				CLANG_WARN_CONSTANT_CONVERSION = YES;
				CLANG_WARN_DEPRECATED_OBJC_IMPLEMENTATIONS = YES;
				CLANG_WARN_DIRECT_OBJC_ISA_USAGE = YES_ERROR;
				CLANG_WARN_DOCUMENTATION_COMMENTS = YES;
				CLANG_WARN_EMPTY_BODY = YES;
				CLANG_WARN_ENUM_CONVERSION = YES;
				CLANG_WARN_INFINITE_RECURSION = YES;
				CLANG_WARN_INT_CONVERSION = YES;
				CLANG_WARN_NON_LITERAL_NULL_CONVERSION = YES;
				CLANG_WARN_OBJC_IMPLICIT_RETAIN_SELF = YES;
				CLANG_WARN_OBJC_LITERAL_CONVERSION = YES;
				CLANG_WARN_OBJC_ROOT_CLASS = YES_ERROR;
				CLANG_WARN_RANGE_LOOP_ANALYSIS = YES;
				CLANG_WARN_STRICT_PROTOTYPES = YES;
				CLANG_WARN_SUSPICIOUS_MOVE = YES;
				CLANG_WARN_UNGUARDED_AVAILABILITY = YES_AGGRESSIVE;
				CLANG_WARN_UNREACHABLE_CODE = YES;
				CLANG_WARN__DUPLICATE_METHOD_MATCH = YES;
				COPY_PHASE_STRIP = NO;
				DEBUG_INFORMATION_FORMAT = dwarf;
				ENABLE_STRICT_OBJC_MSGSEND = YES;
				ENABLE_TESTABILITY = YES;
				GCC_C_LANGUAGE_STANDARD = gnu11;
				GCC_DYNAMIC_NO_PIC = NO;
				GCC_NO_COMMON_BLOCKS = YES;
				GCC_OPTIMIZATION_LEVEL = 0;
				GCC_PREPROCESSOR_DEFINITIONS = (
					"DEBUG=1",
					"$(inherited)",
				);
				GCC_WARN_64_TO_32_BIT_CONVERSION = YES;
				GCC_WARN_ABOUT_RETURN_TYPE = YES_ERROR;
				GCC_WARN_UNDECLARED_SELECTOR = YES;
				GCC_WARN_UNINITIALIZED_AUTOS = YES_AGGRESSIVE;
				GCC_WARN_UNUSED_FUNCTION = YES;
				GCC_WARN_UNUSED_VARIABLE = YES;
				IPHONEOS_DEPLOYMENT_TARGET = 13.6;
				MTL_ENABLE_DEBUG_INFO = INCLUDE_SOURCE;
				MTL_FAST_MATH = YES;
				ONLY_ACTIVE_ARCH = YES;
				SDKROOT = iphoneos;
				SWIFT_ACTIVE_COMPILATION_CONDITIONS = DEBUG;
				SWIFT_OPTIMIZATION_LEVEL = "-Onone";
			};
			name = Debug;
		};
		0218722F2519892800F6E28B /* Release */ = {
			isa = XCBuildConfiguration;
			buildSettings = {
				ALWAYS_SEARCH_USER_PATHS = NO;
				CLANG_ANALYZER_NONNULL = YES;
				CLANG_ANALYZER_NUMBER_OBJECT_CONVERSION = YES_AGGRESSIVE;
				CLANG_CXX_LANGUAGE_STANDARD = "gnu++14";
				CLANG_CXX_LIBRARY = "libc++";
				CLANG_ENABLE_MODULES = YES;
				CLANG_ENABLE_OBJC_ARC = YES;
				CLANG_ENABLE_OBJC_WEAK = YES;
				CLANG_WARN_BLOCK_CAPTURE_AUTORELEASING = YES;
				CLANG_WARN_BOOL_CONVERSION = YES;
				CLANG_WARN_COMMA = YES;
				CLANG_WARN_CONSTANT_CONVERSION = YES;
				CLANG_WARN_DEPRECATED_OBJC_IMPLEMENTATIONS = YES;
				CLANG_WARN_DIRECT_OBJC_ISA_USAGE = YES_ERROR;
				CLANG_WARN_DOCUMENTATION_COMMENTS = YES;
				CLANG_WARN_EMPTY_BODY = YES;
				CLANG_WARN_ENUM_CONVERSION = YES;
				CLANG_WARN_INFINITE_RECURSION = YES;
				CLANG_WARN_INT_CONVERSION = YES;
				CLANG_WARN_NON_LITERAL_NULL_CONVERSION = YES;
				CLANG_WARN_OBJC_IMPLICIT_RETAIN_SELF = YES;
				CLANG_WARN_OBJC_LITERAL_CONVERSION = YES;
				CLANG_WARN_OBJC_ROOT_CLASS = YES_ERROR;
				CLANG_WARN_RANGE_LOOP_ANALYSIS = YES;
				CLANG_WARN_STRICT_PROTOTYPES = YES;
				CLANG_WARN_SUSPICIOUS_MOVE = YES;
				CLANG_WARN_UNGUARDED_AVAILABILITY = YES_AGGRESSIVE;
				CLANG_WARN_UNREACHABLE_CODE = YES;
				CLANG_WARN__DUPLICATE_METHOD_MATCH = YES;
				COPY_PHASE_STRIP = NO;
				DEBUG_INFORMATION_FORMAT = "dwarf-with-dsym";
				ENABLE_NS_ASSERTIONS = NO;
				ENABLE_STRICT_OBJC_MSGSEND = YES;
				GCC_C_LANGUAGE_STANDARD = gnu11;
				GCC_NO_COMMON_BLOCKS = YES;
				GCC_WARN_64_TO_32_BIT_CONVERSION = YES;
				GCC_WARN_ABOUT_RETURN_TYPE = YES_ERROR;
				GCC_WARN_UNDECLARED_SELECTOR = YES;
				GCC_WARN_UNINITIALIZED_AUTOS = YES_AGGRESSIVE;
				GCC_WARN_UNUSED_FUNCTION = YES;
				GCC_WARN_UNUSED_VARIABLE = YES;
				IPHONEOS_DEPLOYMENT_TARGET = 13.6;
				MTL_ENABLE_DEBUG_INFO = NO;
				MTL_FAST_MATH = YES;
				SDKROOT = iphoneos;
				SWIFT_COMPILATION_MODE = wholemodule;
				SWIFT_OPTIMIZATION_LEVEL = "-O";
				VALIDATE_PRODUCT = YES;
			};
			name = Release;
		};
		021872312519892800F6E28B /* Debug */ = {
			isa = XCBuildConfiguration;
			baseConfigurationReference = CA41FE46EF00DA6B9B050B37 /* Pods-flix.debug.xcconfig */;
			buildSettings = {
				ASSETCATALOG_COMPILER_APPICON_NAME = AppIcon;
				CODE_SIGN_STYLE = Automatic;
				DEVELOPMENT_TEAM = BMCM72R6AD;
				INFOPLIST_FILE = flix/Info.plist;
				LD_RUNPATH_SEARCH_PATHS = (
					"$(inherited)",
					"@executable_path/Frameworks",
				);
				PRODUCT_BUNDLE_IDENTIFIER = com.suminkim.flix;
				PRODUCT_NAME = "$(TARGET_NAME)";
				SWIFT_VERSION = 5.0;
				TARGETED_DEVICE_FAMILY = "1,2";
			};
			name = Debug;
		};
		021872322519892800F6E28B /* Release */ = {
			isa = XCBuildConfiguration;
			baseConfigurationReference = 80877C7990929639641289B7 /* Pods-flix.release.xcconfig */;
			buildSettings = {
				ASSETCATALOG_COMPILER_APPICON_NAME = AppIcon;
				CODE_SIGN_STYLE = Automatic;
				DEVELOPMENT_TEAM = BMCM72R6AD;
				INFOPLIST_FILE = flix/Info.plist;
				LD_RUNPATH_SEARCH_PATHS = (
					"$(inherited)",
					"@executable_path/Frameworks",
				);
				PRODUCT_BUNDLE_IDENTIFIER = com.suminkim.flix;
				PRODUCT_NAME = "$(TARGET_NAME)";
				SWIFT_VERSION = 5.0;
				TARGETED_DEVICE_FAMILY = "1,2";
			};
			name = Release;
		};
/* End XCBuildConfiguration section */

/* Begin XCConfigurationList section */
		021872172519892500F6E28B /* Build configuration list for PBXProject "flix" */ = {
			isa = XCConfigurationList;
			buildConfigurations = (
				0218722E2519892800F6E28B /* Debug */,
				0218722F2519892800F6E28B /* Release */,
			);
			defaultConfigurationIsVisible = 0;
			defaultConfigurationName = Release;
		};
		021872302519892800F6E28B /* Build configuration list for PBXNativeTarget "flix" */ = {
			isa = XCConfigurationList;
			buildConfigurations = (
				021872312519892800F6E28B /* Debug */,
				021872322519892800F6E28B /* Release */,
			);
			defaultConfigurationIsVisible = 0;
			defaultConfigurationName = Release;
		};
/* End XCConfigurationList section */
	};
	rootObject = 021872142519892500F6E28B /* Project object */;
}
